// !$*UTF8*$!
{
	archiveVersion = 1;
	classes = {
	};
	objectVersion = 46;
	objects = {

/* Begin PBXBuildFile section */
		E8D4461B1AFE4B5D00278B3D /* main.m in Sources */ = {isa = PBXBuildFile; fileRef = E8D4461A1AFE4B5D00278B3D /* main.m */; };
		E8D4461E1AFE4B5D00278B3D /* AppDelegate.m in Sources */ = {isa = PBXBuildFile; fileRef = E8D4461D1AFE4B5D00278B3D /* AppDelegate.m */; };
		E8D446241AFE4B5D00278B3D /* Main.storyboard in Resources */ = {isa = PBXBuildFile; fileRef = E8D446221AFE4B5D00278B3D /* Main.storyboard */; };
		E8D446261AFE4B5D00278B3D /* Images.xcassets in Resources */ = {isa = PBXBuildFile; fileRef = E8D446251AFE4B5D00278B3D /* Images.xcassets */; };
		E8D446291AFE4B5D00278B3D /* LaunchScreen.xib in Resources */ = {isa = PBXBuildFile; fileRef = E8D446271AFE4B5D00278B3D /* LaunchScreen.xib */; };
		E8D446351AFE4B5D00278B3D /* ListaTests.m in Sources */ = {isa = PBXBuildFile; fileRef = E8D446341AFE4B5D00278B3D /* ListaTests.m */; };
		E8D446411AFE4C6C00278B3D /* ListaTableViewController.m in Sources */ = {isa = PBXBuildFile; fileRef = E8D446401AFE4C6C00278B3D /* ListaTableViewController.m */; };
		E8D446451AFE4D0300278B3D /* Jugador.m in Sources */ = {isa = PBXBuildFile; fileRef = E8D446441AFE4D0300278B3D /* Jugador.m */; };
		E8D446491AFE554C00278B3D /* CeldaTableViewCell.m in Sources */ = {isa = PBXBuildFile; fileRef = E8D446481AFE554C00278B3D /* CeldaTableViewCell.m */; };
		E8D4464C1AFE5D1000278B3D /* DetallesJugadorViewController.m in Sources */ = {isa = PBXBuildFile; fileRef = E8D4464B1AFE5D1000278B3D /* DetallesJugadorViewController.m */; };
		E8D446541AFE68EA00278B3D /* Bolts.framework in Frameworks */ = {isa = PBXBuildFile; fileRef = E8D4464E1AFE68EA00278B3D /* Bolts.framework */; };
		E8D446551AFE68EA00278B3D /* Parse.framework in Frameworks */ = {isa = PBXBuildFile; fileRef = E8D4464F1AFE68EA00278B3D /* Parse.framework */; };
		E8D446561AFE68EA00278B3D /* ParseCrashReporting.framework in Frameworks */ = {isa = PBXBuildFile; fileRef = E8D446501AFE68EA00278B3D /* ParseCrashReporting.framework */; };
		E8D446571AFE68EA00278B3D /* ParseFacebookUtils.framework in Frameworks */ = {isa = PBXBuildFile; fileRef = E8D446511AFE68EA00278B3D /* ParseFacebookUtils.framework */; };
		E8D446581AFE68EA00278B3D /* ParseFacebookUtilsV4.framework in Frameworks */ = {isa = PBXBuildFile; fileRef = E8D446521AFE68EA00278B3D /* ParseFacebookUtilsV4.framework */; };
		E8D446591AFE68EA00278B3D /* ParseUI.framework in Frameworks */ = {isa = PBXBuildFile; fileRef = E8D446531AFE68EA00278B3D /* ParseUI.framework */; };
		E8D4465B1AFE692900278B3D /* AudioToolbox.framework in Frameworks */ = {isa = PBXBuildFile; fileRef = E8D4465A1AFE692900278B3D /* AudioToolbox.framework */; };
		E8D4465D1AFE693300278B3D /* CFNetwork.framework in Frameworks */ = {isa = PBXBuildFile; fileRef = E8D4465C1AFE693300278B3D /* CFNetwork.framework */; };
		E8D4465F1AFE693E00278B3D /* CoreGraphics.framework in Frameworks */ = {isa = PBXBuildFile; fileRef = E8D4465E1AFE693E00278B3D /* CoreGraphics.framework */; };
		E8D446611AFE694700278B3D /* CoreLocation.framework in Frameworks */ = {isa = PBXBuildFile; fileRef = E8D446601AFE694700278B3D /* CoreLocation.framework */; };
		E8D446631AFE695600278B3D /* MobileCoreServices.framework in Frameworks */ = {isa = PBXBuildFile; fileRef = E8D446621AFE695600278B3D /* MobileCoreServices.framework */; };
		E8D446651AFE695D00278B3D /* QuartzCore.framework in Frameworks */ = {isa = PBXBuildFile; fileRef = E8D446641AFE695D00278B3D /* QuartzCore.framework */; };
		E8D446671AFE696400278B3D /* Security.framework in Frameworks */ = {isa = PBXBuildFile; fileRef = E8D446661AFE696400278B3D /* Security.framework */; };
		E8D446691AFE696B00278B3D /* StoreKit.framework in Frameworks */ = {isa = PBXBuildFile; fileRef = E8D446681AFE696B00278B3D /* StoreKit.framework */; };
		E8D4466B1AFE697600278B3D /* SystemConfiguration.framework in Frameworks */ = {isa = PBXBuildFile; fileRef = E8D4466A1AFE697600278B3D /* SystemConfiguration.framework */; };
		E8D4466D1AFE698600278B3D /* libz.dylib in Frameworks */ = {isa = PBXBuildFile; fileRef = E8D4466C1AFE698600278B3D /* libz.dylib */; };
		E8D4466F1AFE698E00278B3D /* libsqlite3.dylib in Frameworks */ = {isa = PBXBuildFile; fileRef = E8D4466E1AFE698E00278B3D /* libsqlite3.dylib */; };
/* End PBXBuildFile section */

/* Begin PBXContainerItemProxy section */
		E8D4462F1AFE4B5D00278B3D /* PBXContainerItemProxy */ = {
			isa = PBXContainerItemProxy;
			containerPortal = E8D4460D1AFE4B5D00278B3D /* Project object */;
			proxyType = 1;
			remoteGlobalIDString = E8D446141AFE4B5D00278B3D;
			remoteInfo = Lista;
		};
/* End PBXContainerItemProxy section */

/* Begin PBXFileReference section */
		E8D446151AFE4B5D00278B3D /* Lista.app */ = {isa = PBXFileReference; explicitFileType = wrapper.application; includeInIndex = 0; path = Lista.app; sourceTree = BUILT_PRODUCTS_DIR; };
		E8D446191AFE4B5D00278B3D /* Info.plist */ = {isa = PBXFileReference; lastKnownFileType = text.plist.xml; path = Info.plist; sourceTree = "<group>"; };
		E8D4461A1AFE4B5D00278B3D /* main.m */ = {isa = PBXFileReference; lastKnownFileType = sourcecode.c.objc; path = main.m; sourceTree = "<group>"; };
		E8D4461C1AFE4B5D00278B3D /* AppDelegate.h */ = {isa = PBXFileReference; lastKnownFileType = sourcecode.c.h; path = AppDelegate.h; sourceTree = "<group>"; };
		E8D4461D1AFE4B5D00278B3D /* AppDelegate.m */ = {isa = PBXFileReference; lastKnownFileType = sourcecode.c.objc; path = AppDelegate.m; sourceTree = "<group>"; };
		E8D446231AFE4B5D00278B3D /* Base */ = {isa = PBXFileReference; lastKnownFileType = file.storyboard; name = Base; path = Base.lproj/Main.storyboard; sourceTree = "<group>"; };
		E8D446251AFE4B5D00278B3D /* Images.xcassets */ = {isa = PBXFileReference; lastKnownFileType = folder.assetcatalog; path = Images.xcassets; sourceTree = "<group>"; };
		E8D446281AFE4B5D00278B3D /* Base */ = {isa = PBXFileReference; lastKnownFileType = file.xib; name = Base; path = Base.lproj/LaunchScreen.xib; sourceTree = "<group>"; };
		E8D4462E1AFE4B5D00278B3D /* ListaTests.xctest */ = {isa = PBXFileReference; explicitFileType = wrapper.cfbundle; includeInIndex = 0; path = ListaTests.xctest; sourceTree = BUILT_PRODUCTS_DIR; };
		E8D446331AFE4B5D00278B3D /* Info.plist */ = {isa = PBXFileReference; lastKnownFileType = text.plist.xml; path = Info.plist; sourceTree = "<group>"; };
		E8D446341AFE4B5D00278B3D /* ListaTests.m */ = {isa = PBXFileReference; lastKnownFileType = sourcecode.c.objc; path = ListaTests.m; sourceTree = "<group>"; };
		E8D4463F1AFE4C6C00278B3D /* ListaTableViewController.h */ = {isa = PBXFileReference; fileEncoding = 4; lastKnownFileType = sourcecode.c.h; name = ListaTableViewController.h; path = Controller/ListaTableViewController.h; sourceTree = "<group>"; };
		E8D446401AFE4C6C00278B3D /* ListaTableViewController.m */ = {isa = PBXFileReference; fileEncoding = 4; lastKnownFileType = sourcecode.c.objc; name = ListaTableViewController.m; path = Controller/ListaTableViewController.m; sourceTree = "<group>"; };
		E8D446431AFE4D0300278B3D /* Jugador.h */ = {isa = PBXFileReference; fileEncoding = 4; lastKnownFileType = sourcecode.c.h; name = Jugador.h; path = Model/Jugador.h; sourceTree = "<group>"; };
		E8D446441AFE4D0300278B3D /* Jugador.m */ = {isa = PBXFileReference; fileEncoding = 4; lastKnownFileType = sourcecode.c.objc; name = Jugador.m; path = Model/Jugador.m; sourceTree = "<group>"; };
		E8D446471AFE554C00278B3D /* CeldaTableViewCell.h */ = {isa = PBXFileReference; fileEncoding = 4; lastKnownFileType = sourcecode.c.h; name = CeldaTableViewCell.h; path = View/CeldaTableViewCell.h; sourceTree = "<group>"; };
		E8D446481AFE554C00278B3D /* CeldaTableViewCell.m */ = {isa = PBXFileReference; fileEncoding = 4; lastKnownFileType = sourcecode.c.objc; name = CeldaTableViewCell.m; path = View/CeldaTableViewCell.m; sourceTree = "<group>"; };
		E8D4464A1AFE5D1000278B3D /* DetallesJugadorViewController.h */ = {isa = PBXFileReference; fileEncoding = 4; lastKnownFileType = sourcecode.c.h; name = DetallesJugadorViewController.h; path = Controller/DetallesJugadorViewController.h; sourceTree = "<group>"; };
		E8D4464B1AFE5D1000278B3D /* DetallesJugadorViewController.m */ = {isa = PBXFileReference; fileEncoding = 4; lastKnownFileType = sourcecode.c.objc; name = DetallesJugadorViewController.m; path = Controller/DetallesJugadorViewController.m; sourceTree = "<group>"; };
		E8D4464E1AFE68EA00278B3D /* Bolts.framework */ = {isa = PBXFileReference; lastKnownFileType = wrapper.framework; path = Bolts.framework; sourceTree = "<group>"; };
		E8D4464F1AFE68EA00278B3D /* Parse.framework */ = {isa = PBXFileReference; lastKnownFileType = wrapper.framework; path = Parse.framework; sourceTree = "<group>"; };
		E8D446501AFE68EA00278B3D /* ParseCrashReporting.framework */ = {isa = PBXFileReference; lastKnownFileType = wrapper.framework; path = ParseCrashReporting.framework; sourceTree = "<group>"; };
		E8D446511AFE68EA00278B3D /* ParseFacebookUtils.framework */ = {isa = PBXFileReference; lastKnownFileType = wrapper.framework; path = ParseFacebookUtils.framework; sourceTree = "<group>"; };
		E8D446521AFE68EA00278B3D /* ParseFacebookUtilsV4.framework */ = {isa = PBXFileReference; lastKnownFileType = wrapper.framework; path = ParseFacebookUtilsV4.framework; sourceTree = "<group>"; };
		E8D446531AFE68EA00278B3D /* ParseUI.framework */ = {isa = PBXFileReference; lastKnownFileType = wrapper.framework; path = ParseUI.framework; sourceTree = "<group>"; };
		E8D4465A1AFE692900278B3D /* AudioToolbox.framework */ = {isa = PBXFileReference; lastKnownFileType = wrapper.framework; name = AudioToolbox.framework; path = System/Library/Frameworks/AudioToolbox.framework; sourceTree = SDKROOT; };
		E8D4465C1AFE693300278B3D /* CFNetwork.framework */ = {isa = PBXFileReference; lastKnownFileType = wrapper.framework; name = CFNetwork.framework; path = System/Library/Frameworks/CFNetwork.framework; sourceTree = SDKROOT; };
		E8D4465E1AFE693E00278B3D /* CoreGraphics.framework */ = {isa = PBXFileReference; lastKnownFileType = wrapper.framework; name = CoreGraphics.framework; path = System/Library/Frameworks/CoreGraphics.framework; sourceTree = SDKROOT; };
		E8D446601AFE694700278B3D /* CoreLocation.framework */ = {isa = PBXFileReference; lastKnownFileType = wrapper.framework; name = CoreLocation.framework; path = System/Library/Frameworks/CoreLocation.framework; sourceTree = SDKROOT; };
		E8D446621AFE695600278B3D /* MobileCoreServices.framework */ = {isa = PBXFileReference; lastKnownFileType = wrapper.framework; name = MobileCoreServices.framework; path = System/Library/Frameworks/MobileCoreServices.framework; sourceTree = SDKROOT; };
		E8D446641AFE695D00278B3D /* QuartzCore.framework */ = {isa = PBXFileReference; lastKnownFileType = wrapper.framework; name = QuartzCore.framework; path = System/Library/Frameworks/QuartzCore.framework; sourceTree = SDKROOT; };
		E8D446661AFE696400278B3D /* Security.framework */ = {isa = PBXFileReference; lastKnownFileType = wrapper.framework; name = Security.framework; path = System/Library/Frameworks/Security.framework; sourceTree = SDKROOT; };
		E8D446681AFE696B00278B3D /* StoreKit.framework */ = {isa = PBXFileReference; lastKnownFileType = wrapper.framework; name = StoreKit.framework; path = System/Library/Frameworks/StoreKit.framework; sourceTree = SDKROOT; };
		E8D4466A1AFE697600278B3D /* SystemConfiguration.framework */ = {isa = PBXFileReference; lastKnownFileType = wrapper.framework; name = SystemConfiguration.framework; path = System/Library/Frameworks/SystemConfiguration.framework; sourceTree = SDKROOT; };
		E8D4466C1AFE698600278B3D /* libz.dylib */ = {isa = PBXFileReference; lastKnownFileType = "compiled.mach-o.dylib"; name = libz.dylib; path = usr/lib/libz.dylib; sourceTree = SDKROOT; };
		E8D4466E1AFE698E00278B3D /* libsqlite3.dylib */ = {isa = PBXFileReference; lastKnownFileType = "compiled.mach-o.dylib"; name = libsqlite3.dylib; path = usr/lib/libsqlite3.dylib; sourceTree = SDKROOT; };
/* End PBXFileReference section */

/* Begin PBXFrameworksBuildPhase section */
		E8D446121AFE4B5D00278B3D /* Frameworks */ = {
			isa = PBXFrameworksBuildPhase;
			buildActionMask = 2147483647;
			files = (
				E8D4466F1AFE698E00278B3D /* libsqlite3.dylib in Frameworks */,
				E8D4466D1AFE698600278B3D /* libz.dylib in Frameworks */,
				E8D4466B1AFE697600278B3D /* SystemConfiguration.framework in Frameworks */,
				E8D446691AFE696B00278B3D /* StoreKit.framework in Frameworks */,
				E8D446671AFE696400278B3D /* Security.framework in Frameworks */,
				E8D446651AFE695D00278B3D /* QuartzCore.framework in Frameworks */,
				E8D446631AFE695600278B3D /* MobileCoreServices.framework in Frameworks */,
				E8D446611AFE694700278B3D /* CoreLocation.framework in Frameworks */,
				E8D4465F1AFE693E00278B3D /* CoreGraphics.framework in Frameworks */,
				E8D4465D1AFE693300278B3D /* CFNetwork.framework in Frameworks */,
				E8D4465B1AFE692900278B3D /* AudioToolbox.framework in Frameworks */,
				E8D446591AFE68EA00278B3D /* ParseUI.framework in Frameworks */,
				E8D446551AFE68EA00278B3D /* Parse.framework in Frameworks */,
				E8D446561AFE68EA00278B3D /* ParseCrashReporting.framework in Frameworks */,
				E8D446571AFE68EA00278B3D /* ParseFacebookUtils.framework in Frameworks */,
				E8D446541AFE68EA00278B3D /* Bolts.framework in Frameworks */,
				E8D446581AFE68EA00278B3D /* ParseFacebookUtilsV4.framework in Frameworks */,
			);
			runOnlyForDeploymentPostprocessing = 0;
		};
		E8D4462B1AFE4B5D00278B3D /* Frameworks */ = {
			isa = PBXFrameworksBuildPhase;
			buildActionMask = 2147483647;
			files = (
			);
			runOnlyForDeploymentPostprocessing = 0;
		};
/* End PBXFrameworksBuildPhase section */

/* Begin PBXGroup section */
		E8D4460C1AFE4B5D00278B3D = {
			isa = PBXGroup;
			children = (
				E8D446171AFE4B5D00278B3D /* Lista */,
				E8D446311AFE4B5D00278B3D /* ListaTests */,
				E8D446161AFE4B5D00278B3D /* Products */,
			);
			sourceTree = "<group>";
		};
		E8D446161AFE4B5D00278B3D /* Products */ = {
			isa = PBXGroup;
			children = (
				E8D446151AFE4B5D00278B3D /* Lista.app */,
				E8D4462E1AFE4B5D00278B3D /* ListaTests.xctest */,
			);
			name = Products;
			sourceTree = "<group>";
		};
		E8D446171AFE4B5D00278B3D /* Lista */ = {
			isa = PBXGroup;
			children = (
				E8D4464D1AFE68DD00278B3D /* Frameworks */,
				E8D446461AFE54FB00278B3D /* View */,
				E8D446421AFE4CD600278B3D /* Model */,
				E8D4463E1AFE4C3A00278B3D /* Controller */,
				E8D4461C1AFE4B5D00278B3D /* AppDelegate.h */,
				E8D4461D1AFE4B5D00278B3D /* AppDelegate.m */,
				E8D446221AFE4B5D00278B3D /* Main.storyboard */,
				E8D446251AFE4B5D00278B3D /* Images.xcassets */,
				E8D446271AFE4B5D00278B3D /* LaunchScreen.xib */,
				E8D446181AFE4B5D00278B3D /* Supporting Files */,
			);
			path = Lista;
			sourceTree = "<group>";
		};
		E8D446181AFE4B5D00278B3D /* Supporting Files */ = {
			isa = PBXGroup;
			children = (
				E8D446191AFE4B5D00278B3D /* Info.plist */,
				E8D4461A1AFE4B5D00278B3D /* main.m */,
			);
			name = "Supporting Files";
			sourceTree = "<group>";
		};
		E8D446311AFE4B5D00278B3D /* ListaTests */ = {
			isa = PBXGroup;
			children = (
				E8D446341AFE4B5D00278B3D /* ListaTests.m */,
				E8D446321AFE4B5D00278B3D /* Supporting Files */,
			);
			path = ListaTests;
			sourceTree = "<group>";
		};
		E8D446321AFE4B5D00278B3D /* Supporting Files */ = {
			isa = PBXGroup;
			children = (
				E8D446331AFE4B5D00278B3D /* Info.plist */,
			);
			name = "Supporting Files";
			sourceTree = "<group>";
		};
		E8D4463E1AFE4C3A00278B3D /* Controller */ = {
			isa = PBXGroup;
			children = (
				E8D4463F1AFE4C6C00278B3D /* ListaTableViewController.h */,
				E8D446401AFE4C6C00278B3D /* ListaTableViewController.m */,
				E8D4464A1AFE5D1000278B3D /* DetallesJugadorViewController.h */,
				E8D4464B1AFE5D1000278B3D /* DetallesJugadorViewController.m */,
			);
			name = Controller;
			sourceTree = "<group>";
		};
		E8D446421AFE4CD600278B3D /* Model */ = {
			isa = PBXGroup;
			children = (
				E8D446431AFE4D0300278B3D /* Jugador.h */,
				E8D446441AFE4D0300278B3D /* Jugador.m */,
			);
			name = Model;
			sourceTree = "<group>";
		};
		E8D446461AFE54FB00278B3D /* View */ = {
			isa = PBXGroup;
			children = (
				E8D446471AFE554C00278B3D /* CeldaTableViewCell.h */,
				E8D446481AFE554C00278B3D /* CeldaTableViewCell.m */,
			);
			name = View;
			sourceTree = "<group>";
		};
		E8D4464D1AFE68DD00278B3D /* Frameworks */ = {
			isa = PBXGroup;
			children = (
				E8D4466E1AFE698E00278B3D /* libsqlite3.dylib */,
				E8D4466C1AFE698600278B3D /* libz.dylib */,
				E8D4466A1AFE697600278B3D /* SystemConfiguration.framework */,
				E8D446681AFE696B00278B3D /* StoreKit.framework */,
				E8D446661AFE696400278B3D /* Security.framework */,
				E8D446641AFE695D00278B3D /* QuartzCore.framework */,
				E8D446621AFE695600278B3D /* MobileCoreServices.framework */,
				E8D446601AFE694700278B3D /* CoreLocation.framework */,
				E8D4465E1AFE693E00278B3D /* CoreGraphics.framework */,
				E8D4465C1AFE693300278B3D /* CFNetwork.framework */,
				E8D4465A1AFE692900278B3D /* AudioToolbox.framework */,
				E8D4464E1AFE68EA00278B3D /* Bolts.framework */,
				E8D4464F1AFE68EA00278B3D /* Parse.framework */,
				E8D446501AFE68EA00278B3D /* ParseCrashReporting.framework */,
				E8D446511AFE68EA00278B3D /* ParseFacebookUtils.framework */,
				E8D446521AFE68EA00278B3D /* ParseFacebookUtilsV4.framework */,
				E8D446531AFE68EA00278B3D /* ParseUI.framework */,
			);
			name = Frameworks;
			sourceTree = "<group>";
		};
/* End PBXGroup section */

/* Begin PBXNativeTarget section */
		E8D446141AFE4B5D00278B3D /* Lista */ = {
			isa = PBXNativeTarget;
			buildConfigurationList = E8D446381AFE4B5D00278B3D /* Build configuration list for PBXNativeTarget "Lista" */;
			buildPhases = (
				E8D446111AFE4B5D00278B3D /* Sources */,
				E8D446121AFE4B5D00278B3D /* Frameworks */,
				E8D446131AFE4B5D00278B3D /* Resources */,
			);
			buildRules = (
			);
			dependencies = (
			);
			name = Lista;
			productName = Lista;
			productReference = E8D446151AFE4B5D00278B3D /* Lista.app */;
			productType = "com.apple.product-type.application";
		};
		E8D4462D1AFE4B5D00278B3D /* ListaTests */ = {
			isa = PBXNativeTarget;
			buildConfigurationList = E8D4463B1AFE4B5D00278B3D /* Build configuration list for PBXNativeTarget "ListaTests" */;
			buildPhases = (
				E8D4462A1AFE4B5D00278B3D /* Sources */,
				E8D4462B1AFE4B5D00278B3D /* Frameworks */,
				E8D4462C1AFE4B5D00278B3D /* Resources */,
			);
			buildRules = (
			);
			dependencies = (
				E8D446301AFE4B5D00278B3D /* PBXTargetDependency */,
			);
			name = ListaTests;
			productName = ListaTests;
			productReference = E8D4462E1AFE4B5D00278B3D /* ListaTests.xctest */;
			productType = "com.apple.product-type.bundle.unit-test";
		};
/* End PBXNativeTarget section */

/* Begin PBXProject section */
		E8D4460D1AFE4B5D00278B3D /* Project object */ = {
			isa = PBXProject;
			attributes = {
				LastUpgradeCheck = 0630;
				ORGANIZATIONNAME = Bolivar;
				TargetAttributes = {
					E8D446141AFE4B5D00278B3D = {
						CreatedOnToolsVersion = 6.3.1;
					};
					E8D4462D1AFE4B5D00278B3D = {
						CreatedOnToolsVersion = 6.3.1;
						TestTargetID = E8D446141AFE4B5D00278B3D;
					};
				};
			};
			buildConfigurationList = E8D446101AFE4B5D00278B3D /* Build configuration list for PBXProject "Lista" */;
			compatibilityVersion = "Xcode 3.2";
			developmentRegion = English;
			hasScannedForEncodings = 0;
			knownRegions = (
				en,
				Base,
			);
			mainGroup = E8D4460C1AFE4B5D00278B3D;
			productRefGroup = E8D446161AFE4B5D00278B3D /* Products */;
			projectDirPath = "";
			projectRoot = "";
			targets = (
				E8D446141AFE4B5D00278B3D /* Lista */,
				E8D4462D1AFE4B5D00278B3D /* ListaTests */,
			);
		};
/* End PBXProject section */

/* Begin PBXResourcesBuildPhase section */
		E8D446131AFE4B5D00278B3D /* Resources */ = {
			isa = PBXResourcesBuildPhase;
			buildActionMask = 2147483647;
			files = (
				E8D446241AFE4B5D00278B3D /* Main.storyboard in Resources */,
				E8D446291AFE4B5D00278B3D /* LaunchScreen.xib in Resources */,
				E8D446261AFE4B5D00278B3D /* Images.xcassets in Resources */,
			);
			runOnlyForDeploymentPostprocessing = 0;
		};
		E8D4462C1AFE4B5D00278B3D /* Resources */ = {
			isa = PBXResourcesBuildPhase;
			buildActionMask = 2147483647;
			files = (
			);
			runOnlyForDeploymentPostprocessing = 0;
		};
/* End PBXResourcesBuildPhase section */

/* Begin PBXSourcesBuildPhase section */
		E8D446111AFE4B5D00278B3D /* Sources */ = {
			isa = PBXSourcesBuildPhase;
			buildActionMask = 2147483647;
			files = (
				E8D446491AFE554C00278B3D /* CeldaTableViewCell.m in Sources */,
				E8D446451AFE4D0300278B3D /* Jugador.m in Sources */,
				E8D4461E1AFE4B5D00278B3D /* AppDelegate.m in Sources */,
				E8D4464C1AFE5D1000278B3D /* DetallesJugadorViewController.m in Sources */,
				E8D4461B1AFE4B5D00278B3D /* main.m in Sources */,
				E8D446411AFE4C6C00278B3D /* ListaTableViewController.m in Sources */,
			);
			runOnlyForDeploymentPostprocessing = 0;
		};
		E8D4462A1AFE4B5D00278B3D /* Sources */ = {
			isa = PBXSourcesBuildPhase;
			buildActionMask = 2147483647;
			files = (
				E8D446351AFE4B5D00278B3D /* ListaTests.m in Sources */,
			);
			runOnlyForDeploymentPostprocessing = 0;
		};
/* End PBXSourcesBuildPhase section */

/* Begin PBXTargetDependency section */
		E8D446301AFE4B5D00278B3D /* PBXTargetDependency */ = {
			isa = PBXTargetDependency;
			target = E8D446141AFE4B5D00278B3D /* Lista */;
			targetProxy = E8D4462F1AFE4B5D00278B3D /* PBXContainerItemProxy */;
		};
/* End PBXTargetDependency section */

/* Begin PBXVariantGroup section */
		E8D446221AFE4B5D00278B3D /* Main.storyboard */ = {
			isa = PBXVariantGroup;
			children = (
				E8D446231AFE4B5D00278B3D /* Base */,
			);
			name = Main.storyboard;
			sourceTree = "<group>";
		};
		E8D446271AFE4B5D00278B3D /* LaunchScreen.xib */ = {
			isa = PBXVariantGroup;
			children = (
				E8D446281AFE4B5D00278B3D /* Base */,
			);
			name = LaunchScreen.xib;
			sourceTree = "<group>";
		};
/* End PBXVariantGroup section */

/* Begin XCBuildConfiguration section */
		E8D446361AFE4B5D00278B3D /* Debug */ = {
			isa = XCBuildConfiguration;
			buildSettings = {
				ALWAYS_SEARCH_USER_PATHS = NO;
				CLANG_CXX_LANGUAGE_STANDARD = "gnu++0x";
				CLANG_CXX_LIBRARY = "libc++";
				CLANG_ENABLE_MODULES = YES;
				CLANG_ENABLE_OBJC_ARC = YES;
				CLANG_WARN_BOOL_CONVERSION = YES;
				CLANG_WARN_CONSTANT_CONVERSION = YES;
				CLANG_WARN_DIRECT_OBJC_ISA_USAGE = YES_ERROR;
				CLANG_WARN_EMPTY_BODY = YES;
				CLANG_WARN_ENUM_CONVERSION = YES;
				CLANG_WARN_INT_CONVERSION = YES;
				CLANG_WARN_OBJC_ROOT_CLASS = YES_ERROR;
				CLANG_WARN_UNREACHABLE_CODE = YES;
				CLANG_WARN__DUPLICATE_METHOD_MATCH = YES;
				"CODE_SIGN_IDENTITY[sdk=iphoneos*]" = "iPhone Developer";
				COPY_PHASE_STRIP = NO;
				DEBUG_INFORMATION_FORMAT = "dwarf-with-dsym";
				ENABLE_STRICT_OBJC_MSGSEND = YES;
				GCC_C_LANGUAGE_STANDARD = gnu99;
				GCC_DYNAMIC_NO_PIC = NO;
				GCC_NO_COMMON_BLOCKS = YES;
				GCC_OPTIMIZATION_LEVEL = 0;
				GCC_PREPROCESSOR_DEFINITIONS = (
					"DEBUG=1",
					"$(inherited)",
				);
				GCC_SYMBOLS_PRIVATE_EXTERN = NO;
				GCC_WARN_64_TO_32_BIT_CONVERSION = YES;
				GCC_WARN_ABOUT_RETURN_TYPE = YES_ERROR;
				GCC_WARN_UNDECLARED_SELECTOR = YES;
				GCC_WARN_UNINITIALIZED_AUTOS = YES_AGGRESSIVE;
				GCC_WARN_UNUSED_FUNCTION = YES;
				GCC_WARN_UNUSED_VARIABLE = YES;
				IPHONEOS_DEPLOYMENT_TARGET = 8.3;
				MTL_ENABLE_DEBUG_INFO = YES;
				ONLY_ACTIVE_ARCH = YES;
				SDKROOT = iphoneos;
			};
			name = Debug;
		};
		E8D446371AFE4B5D00278B3D /* Release */ = {
			isa = XCBuildConfiguration;
			buildSettings = {
				ALWAYS_SEARCH_USER_PATHS = NO;
				CLANG_CXX_LANGUAGE_STANDARD = "gnu++0x";
				CLANG_CXX_LIBRARY = "libc++";
				CLANG_ENABLE_MODULES = YES;
				CLANG_ENABLE_OBJC_ARC = YES;
				CLANG_WARN_BOOL_CONVERSION = YES;
				CLANG_WARN_CONSTANT_CONVERSION = YES;
				CLANG_WARN_DIRECT_OBJC_ISA_USAGE = YES_ERROR;
				CLANG_WARN_EMPTY_BODY = YES;
				CLANG_WARN_ENUM_CONVERSION = YES;
				CLANG_WARN_INT_CONVERSION = YES;
				CLANG_WARN_OBJC_ROOT_CLASS = YES_ERROR;
				CLANG_WARN_UNREACHABLE_CODE = YES;
				CLANG_WARN__DUPLICATE_METHOD_MATCH = YES;
				"CODE_SIGN_IDENTITY[sdk=iphoneos*]" = "iPhone Developer";
				COPY_PHASE_STRIP = NO;
				DEBUG_INFORMATION_FORMAT = "dwarf-with-dsym";
				ENABLE_NS_ASSERTIONS = NO;
				ENABLE_STRICT_OBJC_MSGSEND = YES;
				GCC_C_LANGUAGE_STANDARD = gnu99;
				GCC_NO_COMMON_BLOCKS = YES;
				GCC_WARN_64_TO_32_BIT_CONVERSION = YES;
				GCC_WARN_ABOUT_RETURN_TYPE = YES_ERROR;
				GCC_WARN_UNDECLARED_SELECTOR = YES;
				GCC_WARN_UNINITIALIZED_AUTOS = YES_AGGRESSIVE;
				GCC_WARN_UNUSED_FUNCTION = YES;
				GCC_WARN_UNUSED_VARIABLE = YES;
				IPHONEOS_DEPLOYMENT_TARGET = 8.3;
				MTL_ENABLE_DEBUG_INFO = NO;
				SDKROOT = iphoneos;
				VALIDATE_PRODUCT = YES;
			};
			name = Release;
		};
		E8D446391AFE4B5D00278B3D /* Debug */ = {
			isa = XCBuildConfiguration;
			buildSettings = {
				ASSETCATALOG_COMPILER_APPICON_NAME = AppIcon;
				FRAMEWORK_SEARCH_PATHS = (
					"$(inherited)",
					"$(PROJECT_DIR)/Lista",
				);
				INFOPLIST_FILE = Lista/Info.plist;
				LD_RUNPATH_SEARCH_PATHS = "$(inherited) @executable_path/Frameworks";
				PRODUCT_NAME = "$(TARGET_NAME)";
			};
			name = Debug;
		};
		E8D4463A1AFE4B5D00278B3D /* Release */ = {
			isa = XCBuildConfiguration;
			buildSettings = {
				ASSETCATALOG_COMPILER_APPICON_NAME = AppIcon;
				FRAMEWORK_SEARCH_PATHS = (
					"$(inherited)",
					"$(PROJECT_DIR)/Lista",
				);
				INFOPLIST_FILE = Lista/Info.plist;
				LD_RUNPATH_SEARCH_PATHS = "$(inherited) @executable_path/Frameworks";
				PRODUCT_NAME = "$(TARGET_NAME)";
			};
			name = Release;
		};
		E8D4463C1AFE4B5D00278B3D /* Debug */ = {
			isa = XCBuildConfiguration;
			buildSettings = {
				BUNDLE_LOADER = "$(TEST_HOST)";
				FRAMEWORK_SEARCH_PATHS = (
					"$(SDKROOT)/Developer/Library/Frameworks",
					"$(inherited)",
				);
				GCC_PREPROCESSOR_DEFINITIONS = (
					"DEBUG=1",
					"$(inherited)",
				);
				INFOPLIST_FILE = ListaTests/Info.plist;
				LD_RUNPATH_SEARCH_PATHS = "$(inherited) @executable_path/Frameworks @loader_path/Frameworks";
				PRODUCT_NAME = "$(TARGET_NAME)";
				TEST_HOST = "$(BUILT_PRODUCTS_DIR)/Lista.app/Lista";
			};
			name = Debug;
		};
		E8D4463D1AFE4B5D00278B3D /* Release */ = {
			isa = XCBuildConfiguration;
			buildSettings = {
				BUNDLE_LOADER = "$(TEST_HOST)";
				FRAMEWORK_SEARCH_PATHS = (
					"$(SDKROOT)/Developer/Library/Frameworks",
					"$(inherited)",
				);
				INFOPLIST_FILE = ListaTests/Info.plist;
				LD_RUNPATH_SEARCH_PATHS = "$(inherited) @executable_path/Frameworks @loader_path/Frameworks";
				PRODUCT_NAME = "$(TARGET_NAME)";
				TEST_HOST = "$(BUILT_PRODUCTS_DIR)/Lista.app/Lista";
			};
			name = Release;
		};
/* End XCBuildConfiguration section */

/* Begin XCConfigurationList section */
		E8D446101AFE4B5D00278B3D /* Build configuration list for PBXProject "Lista" */ = {
			isa = XCConfigurationList;
			buildConfigurations = (
				E8D446361AFE4B5D00278B3D /* Debug */,
				E8D446371AFE4B5D00278B3D /* Release */,
			);
			defaultConfigurationIsVisible = 0;
			defaultConfigurationName = Release;
		};
		E8D446381AFE4B5D00278B3D /* Build configuration list for PBXNativeTarget "Lista" */ = {
			isa = XCConfigurationList;
			buildConfigurations = (
				E8D446391AFE4B5D00278B3D /* Debug */,
				E8D4463A1AFE4B5D00278B3D /* Release */,
			);
			defaultConfigurationIsVisible = 0;
		};
		E8D4463B1AFE4B5D00278B3D /* Build configuration list for PBXNativeTarget "ListaTests" */ = {
			isa = XCConfigurationList;
			buildConfigurations = (
				E8D4463C1AFE4B5D00278B3D /* Debug */,
				E8D4463D1AFE4B5D00278B3D /* Release */,
			);
			defaultConfigurationIsVisible = 0;
		};
/* End XCConfigurationList section */
	};
	rootObject = E8D4460D1AFE4B5D00278B3D /* Project object */;
}
