// !$*UTF8*$!
{
	archiveVersion = 1;
	classes = {
	};
	objectVersion = 46;
	objects = {

/* Begin PBXBuildFile section */
		E8D446B11AFE8BE700278B3D /* AppDelegate.swift in Sources */ = {isa = PBXBuildFile; fileRef = E8D446B01AFE8BE700278B3D /* AppDelegate.swift */; };
		E8D446B31AFE8BE700278B3D /* ViewController.swift in Sources */ = {isa = PBXBuildFile; fileRef = E8D446B21AFE8BE700278B3D /* ViewController.swift */; };
		E8D446B61AFE8BE700278B3D /* Main.storyboard in Resources */ = {isa = PBXBuildFile; fileRef = E8D446B41AFE8BE700278B3D /* Main.storyboard */; };
		E8D446B81AFE8BE700278B3D /* Images.xcassets in Resources */ = {isa = PBXBuildFile; fileRef = E8D446B71AFE8BE700278B3D /* Images.xcassets */; };
		E8D446BB1AFE8BE700278B3D /* LaunchScreen.xib in Resources */ = {isa = PBXBuildFile; fileRef = E8D446B91AFE8BE700278B3D /* LaunchScreen.xib */; };
		E8D446C71AFE8BE700278B3D /* SwiftMenuTests.swift in Sources */ = {isa = PBXBuildFile; fileRef = E8D446C61AFE8BE700278B3D /* SwiftMenuTests.swift */; };
/* End PBXBuildFile section */

/* Begin PBXContainerItemProxy section */
		E8D446C11AFE8BE700278B3D /* PBXContainerItemProxy */ = {
			isa = PBXContainerItemProxy;
			containerPortal = E8D446A31AFE8BE700278B3D /* Project object */;
			proxyType = 1;
			remoteGlobalIDString = E8D446AA1AFE8BE700278B3D;
			remoteInfo = SwiftMenu;
		};
/* End PBXContainerItemProxy section */

/* Begin PBXFileReference section */
		E8D446AB1AFE8BE700278B3D /* SwiftMenu.app */ = {isa = PBXFileReference; explicitFileType = wrapper.application; includeInIndex = 0; path = SwiftMenu.app; sourceTree = BUILT_PRODUCTS_DIR; };
		E8D446AF1AFE8BE700278B3D /* Info.plist */ = {isa = PBXFileReference; lastKnownFileType = text.plist.xml; path = Info.plist; sourceTree = "<group>"; };
		E8D446B01AFE8BE700278B3D /* AppDelegate.swift */ = {isa = PBXFileReference; lastKnownFileType = sourcecode.swift; path = AppDelegate.swift; sourceTree = "<group>"; };
		E8D446B21AFE8BE700278B3D /* ViewController.swift */ = {isa = PBXFileReference; lastKnownFileType = sourcecode.swift; path = ViewController.swift; sourceTree = "<group>"; };
		E8D446B51AFE8BE700278B3D /* Base */ = {isa = PBXFileReference; lastKnownFileType = file.storyboard; name = Base; path = Base.lproj/Main.storyboard; sourceTree = "<group>"; };
		E8D446B71AFE8BE700278B3D /* Images.xcassets */ = {isa = PBXFileReference; lastKnownFileType = folder.assetcatalog; path = Images.xcassets; sourceTree = "<group>"; };
		E8D446BA1AFE8BE700278B3D /* Base */ = {isa = PBXFileReference; lastKnownFileType = file.xib; name = Base; path = Base.lproj/LaunchScreen.xib; sourceTree = "<group>"; };
		E8D446C01AFE8BE700278B3D /* SwiftMenuTests.xctest */ = {isa = PBXFileReference; explicitFileType = wrapper.cfbundle; includeInIndex = 0; path = SwiftMenuTests.xctest; sourceTree = BUILT_PRODUCTS_DIR; };
		E8D446C51AFE8BE700278B3D /* Info.plist */ = {isa = PBXFileReference; lastKnownFileType = text.plist.xml; path = Info.plist; sourceTree = "<group>"; };
		E8D446C61AFE8BE700278B3D /* SwiftMenuTests.swift */ = {isa = PBXFileReference; lastKnownFileType = sourcecode.swift; path = SwiftMenuTests.swift; sourceTree = "<group>"; };
/* End PBXFileReference section */

/* Begin PBXFrameworksBuildPhase section */
		E8D446A81AFE8BE700278B3D /* Frameworks */ = {
			isa = PBXFrameworksBuildPhase;
			buildActionMask = 2147483647;
			files = (
			);
			runOnlyForDeploymentPostprocessing = 0;
		};
		E8D446BD1AFE8BE700278B3D /* Frameworks */ = {
			isa = PBXFrameworksBuildPhase;
			buildActionMask = 2147483647;
			files = (
			);
			runOnlyForDeploymentPostprocessing = 0;
		};
/* End PBXFrameworksBuildPhase section */

/* Begin PBXGroup section */
		E8D446A21AFE8BE700278B3D = {
			isa = PBXGroup;
			children = (
				E8D446AD1AFE8BE700278B3D /* SwiftMenu */,
				E8D446C31AFE8BE700278B3D /* SwiftMenuTests */,
				E8D446AC1AFE8BE700278B3D /* Products */,
			);
			sourceTree = "<group>";
		};
		E8D446AC1AFE8BE700278B3D /* Products */ = {
			isa = PBXGroup;
			children = (
				E8D446AB1AFE8BE700278B3D /* SwiftMenu.app */,
				E8D446C01AFE8BE700278B3D /* SwiftMenuTests.xctest */,
			);
			name = Products;
			sourceTree = "<group>";
		};
		E8D446AD1AFE8BE700278B3D /* SwiftMenu */ = {
			isa = PBXGroup;
			children = (
				E8D446B01AFE8BE700278B3D /* AppDelegate.swift */,
				E8D446B21AFE8BE700278B3D /* ViewController.swift */,
				E8D446B41AFE8BE700278B3D /* Main.storyboard */,
				E8D446B71AFE8BE700278B3D /* Images.xcassets */,
				E8D446B91AFE8BE700278B3D /* LaunchScreen.xib */,
				E8D446AE1AFE8BE700278B3D /* Supporting Files */,
			);
			path = SwiftMenu;
			sourceTree = "<group>";
		};
		E8D446AE1AFE8BE700278B3D /* Supporting Files */ = {
			isa = PBXGroup;
			children = (
				E8D446AF1AFE8BE700278B3D /* Info.plist */,
			);
			name = "Supporting Files";
			sourceTree = "<group>";
		};
		E8D446C31AFE8BE700278B3D /* SwiftMenuTests */ = {
			isa = PBXGroup;
			children = (
				E8D446C61AFE8BE700278B3D /* SwiftMenuTests.swift */,
				E8D446C41AFE8BE700278B3D /* Supporting Files */,
			);
			path = SwiftMenuTests;
			sourceTree = "<group>";
		};
		E8D446C41AFE8BE700278B3D /* Supporting Files */ = {
			isa = PBXGroup;
			children = (
				E8D446C51AFE8BE700278B3D /* Info.plist */,
			);
			name = "Supporting Files";
			sourceTree = "<group>";
		};
/* End PBXGroup section */

/* Begin PBXNativeTarget section */
		E8D446AA1AFE8BE700278B3D /* SwiftMenu */ = {
			isa = PBXNativeTarget;
			buildConfigurationList = E8D446CA1AFE8BE700278B3D /* Build configuration list for PBXNativeTarget "SwiftMenu" */;
			buildPhases = (
				E8D446A71AFE8BE700278B3D /* Sources */,
				E8D446A81AFE8BE700278B3D /* Frameworks */,
				E8D446A91AFE8BE700278B3D /* Resources */,
			);
			buildRules = (
			);
			dependencies = (
			);
			name = SwiftMenu;
			productName = SwiftMenu;
			productReference = E8D446AB1AFE8BE700278B3D /* SwiftMenu.app */;
			productType = "com.apple.product-type.application";
		};
		E8D446BF1AFE8BE700278B3D /* SwiftMenuTests */ = {
			isa = PBXNativeTarget;
			buildConfigurationList = E8D446CD1AFE8BE700278B3D /* Build configuration list for PBXNativeTarget "SwiftMenuTests" */;
			buildPhases = (
				E8D446BC1AFE8BE700278B3D /* Sources */,
				E8D446BD1AFE8BE700278B3D /* Frameworks */,
				E8D446BE1AFE8BE700278B3D /* Resources */,
			);
			buildRules = (
			);
			dependencies = (
				E8D446C21AFE8BE700278B3D /* PBXTargetDependency */,
			);
			name = SwiftMenuTests;
			productName = SwiftMenuTests;
			productReference = E8D446C01AFE8BE700278B3D /* SwiftMenuTests.xctest */;
			productType = "com.apple.product-type.bundle.unit-test";
		};
/* End PBXNativeTarget section */

/* Begin PBXProject section */
		E8D446A31AFE8BE700278B3D /* Project object */ = {
			isa = PBXProject;
			attributes = {
				LastUpgradeCheck = 0630;
				ORGANIZATIONNAME = Bolivar;
				TargetAttributes = {
					E8D446AA1AFE8BE700278B3D = {
						CreatedOnToolsVersion = 6.3.1;
					};
					E8D446BF1AFE8BE700278B3D = {
						CreatedOnToolsVersion = 6.3.1;
						TestTargetID = E8D446AA1AFE8BE700278B3D;
					};
				};
			};
			buildConfigurationList = E8D446A61AFE8BE700278B3D /* Build configuration list for PBXProject "SwiftMenu" */;
			compatibilityVersion = "Xcode 3.2";
			developmentRegion = English;
			hasScannedForEncodings = 0;
			knownRegions = (
				en,
				Base,
			);
			mainGroup = E8D446A21AFE8BE700278B3D;
			productRefGroup = E8D446AC1AFE8BE700278B3D /* Products */;
			projectDirPath = "";
			projectRoot = "";
			targets = (
				E8D446AA1AFE8BE700278B3D /* SwiftMenu */,
				E8D446BF1AFE8BE700278B3D /* SwiftMenuTests */,
			);
		};
/* End PBXProject section */

/* Begin PBXResourcesBuildPhase section */
		E8D446A91AFE8BE700278B3D /* Resources */ = {
			isa = PBXResourcesBuildPhase;
			buildActionMask = 2147483647;
			files = (
				E8D446B61AFE8BE700278B3D /* Main.storyboard in Resources */,
				E8D446BB1AFE8BE700278B3D /* LaunchScreen.xib in Resources */,
				E8D446B81AFE8BE700278B3D /* Images.xcassets in Resources */,
			);
			runOnlyForDeploymentPostprocessing = 0;
		};
		E8D446BE1AFE8BE700278B3D /* Resources */ = {
			isa = PBXResourcesBuildPhase;
			buildActionMask = 2147483647;
			files = (
			);
			runOnlyForDeploymentPostprocessing = 0;
		};
/* End PBXResourcesBuildPhase section */

/* Begin PBXSourcesBuildPhase section */
		E8D446A71AFE8BE700278B3D /* Sources */ = {
			isa = PBXSourcesBuildPhase;
			buildActionMask = 2147483647;
			files = (
				E8D446B31AFE8BE700278B3D /* ViewController.swift in Sources */,
				E8D446B11AFE8BE700278B3D /* AppDelegate.swift in Sources */,
			);
			runOnlyForDeploymentPostprocessing = 0;
		};
		E8D446BC1AFE8BE700278B3D /* Sources */ = {
			isa = PBXSourcesBuildPhase;
			buildActionMask = 2147483647;
			files = (
				E8D446C71AFE8BE700278B3D /* SwiftMenuTests.swift in Sources */,
			);
			runOnlyForDeploymentPostprocessing = 0;
		};
/* End PBXSourcesBuildPhase section */

/* Begin PBXTargetDependency section */
		E8D446C21AFE8BE700278B3D /* PBXTargetDependency */ = {
			isa = PBXTargetDependency;
			target = E8D446AA1AFE8BE700278B3D /* SwiftMenu */;
			targetProxy = E8D446C11AFE8BE700278B3D /* PBXContainerItemProxy */;
		};
/* End PBXTargetDependency section */

/* Begin PBXVariantGroup section */
		E8D446B41AFE8BE700278B3D /* Main.storyboard */ = {
			isa = PBXVariantGroup;
			children = (
				E8D446B51AFE8BE700278B3D /* Base */,
			);
			name = Main.storyboard;
			sourceTree = "<group>";
		};
		E8D446B91AFE8BE700278B3D /* LaunchScreen.xib */ = {
			isa = PBXVariantGroup;
			children = (
				E8D446BA1AFE8BE700278B3D /* Base */,
			);
			name = LaunchScreen.xib;
			sourceTree = "<group>";
		};
/* End PBXVariantGroup section */

/* Begin XCBuildConfiguration section */
		E8D446C81AFE8BE700278B3D /* Debug */ = {
			isa = XCBuildConfiguration;
			buildSettings = {
				ALWAYS_SEARCH_USER_PATHS = NO;
				CLANG_CXX_LANGUAGE_STANDARD = "gnu++0x";
				CLANG_CXX_LIBRARY = "libc++";
				CLANG_ENABLE_MODULES = YES;
				CLANG_ENABLE_OBJC_ARC = YES;
				CLANG_WARN_BOOL_CONVERSION = YES;
				CLANG_WARN_CONSTANT_CONVERSION = YES;
				CLANG_WARN_DIRECT_OBJC_ISA_USAGE = YES_ERROR;
				CLANG_WARN_EMPTY_BODY = YES;
				CLANG_WARN_ENUM_CONVERSION = YES;
				CLANG_WARN_INT_CONVERSION = YES;
				CLANG_WARN_OBJC_ROOT_CLASS = YES_ERROR;
				CLANG_WARN_UNREACHABLE_CODE = YES;
				CLANG_WARN__DUPLICATE_METHOD_MATCH = YES;
				"CODE_SIGN_IDENTITY[sdk=iphoneos*]" = "iPhone Developer";
				COPY_PHASE_STRIP = NO;
				DEBUG_INFORMATION_FORMAT = "dwarf-with-dsym";
				ENABLE_STRICT_OBJC_MSGSEND = YES;
				GCC_C_LANGUAGE_STANDARD = gnu99;
				GCC_DYNAMIC_NO_PIC = NO;
				GCC_NO_COMMON_BLOCKS = YES;
				GCC_OPTIMIZATION_LEVEL = 0;
				GCC_PREPROCESSOR_DEFINITIONS = (
					"DEBUG=1",
					"$(inherited)",
				);
				GCC_SYMBOLS_PRIVATE_EXTERN = NO;
				GCC_WARN_64_TO_32_BIT_CONVERSION = YES;
				GCC_WARN_ABOUT_RETURN_TYPE = YES_ERROR;
				GCC_WARN_UNDECLARED_SELECTOR = YES;
				GCC_WARN_UNINITIALIZED_AUTOS = YES_AGGRESSIVE;
				GCC_WARN_UNUSED_FUNCTION = YES;
				GCC_WARN_UNUSED_VARIABLE = YES;
				IPHONEOS_DEPLOYMENT_TARGET = 8.3;
				MTL_ENABLE_DEBUG_INFO = YES;
				ONLY_ACTIVE_ARCH = YES;
				SDKROOT = iphoneos;
				SWIFT_OPTIMIZATION_LEVEL = "-Onone";
			};
			name = Debug;
		};
		E8D446C91AFE8BE700278B3D /* Release */ = {
			isa = XCBuildConfiguration;
			buildSettings = {
				ALWAYS_SEARCH_USER_PATHS = NO;
				CLANG_CXX_LANGUAGE_STANDARD = "gnu++0x";
				CLANG_CXX_LIBRARY = "libc++";
				CLANG_ENABLE_MODULES = YES;
				CLANG_ENABLE_OBJC_ARC = YES;
				CLANG_WARN_BOOL_CONVERSION = YES;
				CLANG_WARN_CONSTANT_CONVERSION = YES;
				CLANG_WARN_DIRECT_OBJC_ISA_USAGE = YES_ERROR;
				CLANG_WARN_EMPTY_BODY = YES;
				CLANG_WARN_ENUM_CONVERSION = YES;
				CLANG_WARN_INT_CONVERSION = YES;
				CLANG_WARN_OBJC_ROOT_CLASS = YES_ERROR;
				CLANG_WARN_UNREACHABLE_CODE = YES;
				CLANG_WARN__DUPLICATE_METHOD_MATCH = YES;
				"CODE_SIGN_IDENTITY[sdk=iphoneos*]" = "iPhone Developer";
				COPY_PHASE_STRIP = NO;
				DEBUG_INFORMATION_FORMAT = "dwarf-with-dsym";
				ENABLE_NS_ASSERTIONS = NO;
				ENABLE_STRICT_OBJC_MSGSEND = YES;
				GCC_C_LANGUAGE_STANDARD = gnu99;
				GCC_NO_COMMON_BLOCKS = YES;
				GCC_WARN_64_TO_32_BIT_CONVERSION = YES;
				GCC_WARN_ABOUT_RETURN_TYPE = YES_ERROR;
				GCC_WARN_UNDECLARED_SELECTOR = YES;
				GCC_WARN_UNINITIALIZED_AUTOS = YES_AGGRESSIVE;
				GCC_WARN_UNUSED_FUNCTION = YES;
				GCC_WARN_UNUSED_VARIABLE = YES;
				IPHONEOS_DEPLOYMENT_TARGET = 8.3;
				MTL_ENABLE_DEBUG_INFO = NO;
				SDKROOT = iphoneos;
				VALIDATE_PRODUCT = YES;
			};
			name = Release;
		};
		E8D446CB1AFE8BE700278B3D /* Debug */ = {
			isa = XCBuildConfiguration;
			buildSettings = {
				ASSETCATALOG_COMPILER_APPICON_NAME = AppIcon;
				INFOPLIST_FILE = SwiftMenu/Info.plist;
				LD_RUNPATH_SEARCH_PATHS = "$(inherited) @executable_path/Frameworks";
				PRODUCT_NAME = "$(TARGET_NAME)";
			};
			name = Debug;
		};
		E8D446CC1AFE8BE700278B3D /* Release */ = {
			isa = XCBuildConfiguration;
			buildSettings = {
				ASSETCATALOG_COMPILER_APPICON_NAME = AppIcon;
				INFOPLIST_FILE = SwiftMenu/Info.plist;
				LD_RUNPATH_SEARCH_PATHS = "$(inherited) @executable_path/Frameworks";
				PRODUCT_NAME = "$(TARGET_NAME)";
			};
			name = Release;
		};
		E8D446CE1AFE8BE700278B3D /* Debug */ = {
			isa = XCBuildConfiguration;
			buildSettings = {
				BUNDLE_LOADER = "$(TEST_HOST)";
				FRAMEWORK_SEARCH_PATHS = (
					"$(SDKROOT)/Developer/Library/Frameworks",
					"$(inherited)",
				);
				GCC_PREPROCESSOR_DEFINITIONS = (
					"DEBUG=1",
					"$(inherited)",
				);
				INFOPLIST_FILE = SwiftMenuTests/Info.plist;
				LD_RUNPATH_SEARCH_PATHS = "$(inherited) @executable_path/Frameworks @loader_path/Frameworks";
				PRODUCT_NAME = "$(TARGET_NAME)";
				TEST_HOST = "$(BUILT_PRODUCTS_DIR)/SwiftMenu.app/SwiftMenu";
			};
			name = Debug;
		};
		E8D446CF1AFE8BE700278B3D /* Release */ = {
			isa = XCBuildConfiguration;
			buildSettings = {
				BUNDLE_LOADER = "$(TEST_HOST)";
				FRAMEWORK_SEARCH_PATHS = (
					"$(SDKROOT)/Developer/Library/Frameworks",
					"$(inherited)",
				);
				INFOPLIST_FILE = SwiftMenuTests/Info.plist;
				LD_RUNPATH_SEARCH_PATHS = "$(inherited) @executable_path/Frameworks @loader_path/Frameworks";
				PRODUCT_NAME = "$(TARGET_NAME)";
				TEST_HOST = "$(BUILT_PRODUCTS_DIR)/SwiftMenu.app/SwiftMenu";
			};
			name = Release;
		};
/* End XCBuildConfiguration section */

/* Begin XCConfigurationList section */
		E8D446A61AFE8BE700278B3D /* Build configuration list for PBXProject "SwiftMenu" */ = {
			isa = XCConfigurationList;
			buildConfigurations = (
				E8D446C81AFE8BE700278B3D /* Debug */,
				E8D446C91AFE8BE700278B3D /* Release */,
			);
			defaultConfigurationIsVisible = 0;
			defaultConfigurationName = Release;
		};
		E8D446CA1AFE8BE700278B3D /* Build configuration list for PBXNativeTarget "SwiftMenu" */ = {
			isa = XCConfigurationList;
			buildConfigurations = (
				E8D446CB1AFE8BE700278B3D /* Debug */,
				E8D446CC1AFE8BE700278B3D /* Release */,
			);
			defaultConfigurationIsVisible = 0;
		};
		E8D446CD1AFE8BE700278B3D /* Build configuration list for PBXNativeTarget "SwiftMenuTests" */ = {
			isa = XCConfigurationList;
			buildConfigurations = (
				E8D446CE1AFE8BE700278B3D /* Debug */,
				E8D446CF1AFE8BE700278B3D /* Release */,
			);
			defaultConfigurationIsVisible = 0;
		};
/* End XCConfigurationList section */
	};
	rootObject = E8D446A31AFE8BE700278B3D /* Project object */;
}
